
Microsoft Visual Studio Solution File, Format Version 12.00
# Visual Studio Version 16
VisualStudioVersion = 16.0.31911.196
MinimumVisualStudioVersion = 10.0.40219.1
Project("{FAE04EC0-301F-11D3-BF4B-00C04F79EFBC}") = "DioSeries", "DioSeries\DioSeries.csproj", "{603E6A8A-CE14-4E5E-9894-AB8AA8DC4C61}"
EndProject
Global
	GlobalSection(SolutionConfigurationPlatforms) = preSolution
		Debug|Any CPU = Debug|Any CPU
		Release|Any CPU = Release|Any CPU
	EndGlobalSection
	GlobalSection(ProjectConfigurationPlatforms) = postSolution
		{603E6A8A-CE14-4E5E-9894-AB8AA8DC4C61}.Debug|Any CPU.ActiveCfg = Debug|Any CPU
		{603E6A8A-CE14-4E5E-9894-AB8AA8DC4C61}.Debug|Any CPU.Build.0 = Debug|Any CPU
		{603E6A8A-CE14-4E5E-9894-AB8AA8DC4C61}.Release|Any CPU.ActiveCfg = Release|Any CPU
		{603E6A8A-CE14-4E5E-9894-AB8AA8DC4C61}.Release|Any CPU.Build.0 = Release|Any CPU
	EndGlobalSection
	GlobalSection(SolutionProperties) = preSolution
		HideSolutionNode = FALSE
	EndGlobalSection
	GlobalSection(ExtensibilityGlobals) = postSolution
		SolutionGuid = {758D5EA3-2344-4BEF-8D95-A18CFE3FBEC4}
	EndGlobalSection
EndGlobal
